{"version":4,"terraform_version":"1.11.2","serial":4,"lineage":"b22a2451-caf5-b6e2-2cdc-b0f1ea6ecf99","outputs":{},"resources":[{"mode":"managed","type":"local_file","name":"inventory","provider":"provider[\"registry.opentofu.org/hashicorp/local\"]","instances":[{"schema_version":0,"attributes":{"content":"[pi]\n192.168.178.40 ansible_user=marsl ansible_ssh_private_key_file=/root/.ssh/id_rsa\n","content_base64":null,"content_base64sha256":"6VcbyGJqQBUJWF/O1cf7ht/CyzlVtShXXPnVUo8M1P4=","content_base64sha512":"t/bjmxS0aDRzZKpwuG9HqQ9y9OvhxTep3apqngZfMVGrR/J6N1Bhh4N47NGbTsfqpaEX1nzxQzackuS8tQEtcw==","content_md5":"d2646f382f1a1874156b18925412af0a","content_sha1":"e02eb4a61bf1278b39c971761c1f067a5567c4ef","content_sha256":"e9571bc8626a401509585fced5c7fb86dfc2cb3955b528575cf9d5528f0cd4fe","content_sha512":"b7f6e39b14b468347364aa70b86f47a90f72f4ebe1c537a9ddaa6a9e065f3151ab47f27a375061878378ecd19b4ec7eaa5a117d67cf143369c92e4bcb5012d73","directory_permission":"0777","file_permission":"0777","filename":"./../ansible/inventory.ini","id":"e02eb4a61bf1278b39c971761c1f067a5567c4ef","sensitive_content":null,"source":null},"sensitive_attributes":[[{"type":"get_attr","value":"sensitive_content"}]]}]},{"mode":"managed","type":"null_resource","name":"provision","provider":"provider[\"registry.opentofu.org/hashicorp/null\"]","instances":[{"schema_version":0,"attributes":{"id":"4239183590013062194","triggers":{"inventory_sha":"e9571bc8626a401509585fced5c7fb86dfc2cb3955b528575cf9d5528f0cd4fe"}},"sensitive_attributes":[],"dependencies":["local_file.inventory"]}]}],"check_results":null}
